
Microsoft Visual Studio Solution File, Format Version 12.00
# Visual Studio 15
VisualStudioVersion = 15.0.27004.2002
MinimumVisualStudioVersion = 10.0.40219.1
Project("{FAE04EC0-301F-11D3-BF4B-00C04F79EFBC}") = "Cyberhelp.Android", "Cyberhelp\Cyberhelp.Android\Cyberhelp.Android.csproj", "{D77B909A-FE2F-49B7-B256-E4014C9C4F34}"
EndProject
Project("{FAE04EC0-301F-11D3-BF4B-00C04F79EFBC}") = "Cyberhelp", "Cyberhelp\Cyberhelp\Cyberhelp.csproj", "{F6AB606A-197B-431B-8C24-A80623D67FA1}"
EndProject
Project("{FAE04EC0-301F-11D3-BF4B-00C04F79EFBC}") = "Cyberhelp.UWP", "Cyberhelp\Cyberhelp.UWP\Cyberhelp.UWP.csproj", "{F231E851-1395-43A5-BB9C-D22DDE5738DB}"
EndProject
Project("{FAE04EC0-301F-11D3-BF4B-00C04F79EFBC}") = "Cyberhelp.iOS", "Cyberhelp\Cyberhelp.iOS\Cyberhelp.iOS.csproj", "{08C0606E-6DEB-456B-B47A-4C6F6DE60423}"
EndProject
Global
	GlobalSection(SolutionConfigurationPlatforms) = preSolution
		Ad-Hoc|Any CPU = Ad-Hoc|Any CPU
		Ad-Hoc|ARM = Ad-Hoc|ARM
		Ad-Hoc|iPhone = Ad-Hoc|iPhone
		Ad-Hoc|iPhoneSimulator = Ad-Hoc|iPhoneSimulator
		Ad-Hoc|x64 = Ad-Hoc|x64
		Ad-Hoc|x86 = Ad-Hoc|x86
		AppStore|Any CPU = AppStore|Any CPU
		AppStore|ARM = AppStore|ARM
		AppStore|iPhone = AppStore|iPhone
		AppStore|iPhoneSimulator = AppStore|iPhoneSimulator
		AppStore|x64 = AppStore|x64
		AppStore|x86 = AppStore|x86
		Debug|Any CPU = Debug|Any CPU
		Debug|ARM = Debug|ARM
		Debug|iPhone = Debug|iPhone
		Debug|iPhoneSimulator = Debug|iPhoneSimulator
		Debug|x64 = Debug|x64
		Debug|x86 = Debug|x86
		Release|Any CPU = Release|Any CPU
		Release|ARM = Release|ARM
		Release|iPhone = Release|iPhone
		Release|iPhoneSimulator = Release|iPhoneSimulator
		Release|x64 = Release|x64
		Release|x86 = Release|x86
	EndGlobalSection
	GlobalSection(ProjectConfigurationPlatforms) = postSolution
		{D77B909A-FE2F-49B7-B256-E4014C9C4F34}.Ad-Hoc|Any CPU.ActiveCfg = Release|Any CPU
		{D77B909A-FE2F-49B7-B256-E4014C9C4F34}.Ad-Hoc|Any CPU.Build.0 = Release|Any CPU
		{D77B909A-FE2F-49B7-B256-E4014C9C4F34}.Ad-Hoc|Any CPU.Deploy.0 = Release|Any CPU
		{D77B909A-FE2F-49B7-B256-E4014C9C4F34}.Ad-Hoc|ARM.ActiveCfg = Release|Any CPU
		{D77B909A-FE2F-49B7-B256-E4014C9C4F34}.Ad-Hoc|ARM.Build.0 = Release|Any CPU
		{D77B909A-FE2F-49B7-B256-E4014C9C4F34}.Ad-Hoc|ARM.Deploy.0 = Release|Any CPU
		{D77B909A-FE2F-49B7-B256-E4014C9C4F34}.Ad-Hoc|iPhone.ActiveCfg = Release|Any CPU
		{D77B909A-FE2F-49B7-B256-E4014C9C4F34}.Ad-Hoc|iPhone.Build.0 = Release|Any CPU
		{D77B909A-FE2F-49B7-B256-E4014C9C4F34}.Ad-Hoc|iPhone.Deploy.0 = Release|Any CPU
		{D77B909A-FE2F-49B7-B256-E4014C9C4F34}.Ad-Hoc|iPhoneSimulator.ActiveCfg = Release|Any CPU
		{D77B909A-FE2F-49B7-B256-E4014C9C4F34}.Ad-Hoc|iPhoneSimulator.Build.0 = Release|Any CPU
		{D77B909A-FE2F-49B7-B256-E4014C9C4F34}.Ad-Hoc|iPhoneSimulator.Deploy.0 = Release|Any CPU
		{D77B909A-FE2F-49B7-B256-E4014C9C4F34}.Ad-Hoc|x64.ActiveCfg = Release|Any CPU
		{D77B909A-FE2F-49B7-B256-E4014C9C4F34}.Ad-Hoc|x64.Build.0 = Release|Any CPU
		{D77B909A-FE2F-49B7-B256-E4014C9C4F34}.Ad-Hoc|x64.Deploy.0 = Release|Any CPU
		{D77B909A-FE2F-49B7-B256-E4014C9C4F34}.Ad-Hoc|x86.ActiveCfg = Release|Any CPU
		{D77B909A-FE2F-49B7-B256-E4014C9C4F34}.Ad-Hoc|x86.Build.0 = Release|Any CPU
		{D77B909A-FE2F-49B7-B256-E4014C9C4F34}.Ad-Hoc|x86.Deploy.0 = Release|Any CPU
		{D77B909A-FE2F-49B7-B256-E4014C9C4F34}.AppStore|Any CPU.ActiveCfg = Release|Any CPU
		{D77B909A-FE2F-49B7-B256-E4014C9C4F34}.AppStore|Any CPU.Build.0 = Release|Any CPU
		{D77B909A-FE2F-49B7-B256-E4014C9C4F34}.AppStore|Any CPU.Deploy.0 = Release|Any CPU
		{D77B909A-FE2F-49B7-B256-E4014C9C4F34}.AppStore|ARM.ActiveCfg = Release|Any CPU
		{D77B909A-FE2F-49B7-B256-E4014C9C4F34}.AppStore|ARM.Build.0 = Release|Any CPU
		{D77B909A-FE2F-49B7-B256-E4014C9C4F34}.AppStore|ARM.Deploy.0 = Release|Any CPU
		{D77B909A-FE2F-49B7-B256-E4014C9C4F34}.AppStore|iPhone.ActiveCfg = Release|Any CPU
		{D77B909A-FE2F-49B7-B256-E4014C9C4F34}.AppStore|iPhone.Build.0 = Release|Any CPU
		{D77B909A-FE2F-49B7-B256-E4014C9C4F34}.AppStore|iPhone.Deploy.0 = Release|Any CPU
		{D77B909A-FE2F-49B7-B256-E4014C9C4F34}.AppStore|iPhoneSimulator.ActiveCfg = Release|Any CPU
		{D77B909A-FE2F-49B7-B256-E4014C9C4F34}.AppStore|iPhoneSimulator.Build.0 = Release|Any CPU
		{D77B909A-FE2F-49B7-B256-E4014C9C4F34}.AppStore|iPhoneSimulator.Deploy.0 = Release|Any CPU
		{D77B909A-FE2F-49B7-B256-E4014C9C4F34}.AppStore|x64.ActiveCfg = Release|Any CPU
		{D77B909A-FE2F-49B7-B256-E4014C9C4F34}.AppStore|x64.Build.0 = Release|Any CPU
		{D77B909A-FE2F-49B7-B256-E4014C9C4F34}.AppStore|x64.Deploy.0 = Release|Any CPU
		{D77B909A-FE2F-49B7-B256-E4014C9C4F34}.AppStore|x86.ActiveCfg = Release|Any CPU
		{D77B909A-FE2F-49B7-B256-E4014C9C4F34}.AppStore|x86.Build.0 = Release|Any CPU
		{D77B909A-FE2F-49B7-B256-E4014C9C4F34}.AppStore|x86.Deploy.0 = Release|Any CPU
		{D77B909A-FE2F-49B7-B256-E4014C9C4F34}.Debug|Any CPU.ActiveCfg = Debug|Any CPU
		{D77B909A-FE2F-49B7-B256-E4014C9C4F34}.Debug|Any CPU.Build.0 = Debug|Any CPU
		{D77B909A-FE2F-49B7-B256-E4014C9C4F34}.Debug|Any CPU.Deploy.0 = Debug|Any CPU
		{D77B909A-FE2F-49B7-B256-E4014C9C4F34}.Debug|ARM.ActiveCfg = Debug|Any CPU
		{D77B909A-FE2F-49B7-B256-E4014C9C4F34}.Debug|ARM.Build.0 = Debug|Any CPU
		{D77B909A-FE2F-49B7-B256-E4014C9C4F34}.Debug|ARM.Deploy.0 = Debug|Any CPU
		{D77B909A-FE2F-49B7-B256-E4014C9C4F34}.Debug|iPhone.ActiveCfg = Debug|Any CPU
		{D77B909A-FE2F-49B7-B256-E4014C9C4F34}.Debug|iPhone.Build.0 = Debug|Any CPU
		{D77B909A-FE2F-49B7-B256-E4014C9C4F34}.Debug|iPhone.Deploy.0 = Debug|Any CPU
		{D77B909A-FE2F-49B7-B256-E4014C9C4F34}.Debug|iPhoneSimulator.ActiveCfg = Debug|Any CPU
		{D77B909A-FE2F-49B7-B256-E4014C9C4F34}.Debug|iPhoneSimulator.Build.0 = Debug|Any CPU
		{D77B909A-FE2F-49B7-B256-E4014C9C4F34}.Debug|iPhoneSimulator.Deploy.0 = Debug|Any CPU
		{D77B909A-FE2F-49B7-B256-E4014C9C4F34}.Debug|x64.ActiveCfg = Debug|Any CPU
		{D77B909A-FE2F-49B7-B256-E4014C9C4F34}.Debug|x64.Build.0 = Debug|Any CPU
		{D77B909A-FE2F-49B7-B256-E4014C9C4F34}.Debug|x64.Deploy.0 = Debug|Any CPU
		{D77B909A-FE2F-49B7-B256-E4014C9C4F34}.Debug|x86.ActiveCfg = Debug|Any CPU
		{D77B909A-FE2F-49B7-B256-E4014C9C4F34}.Debug|x86.Build.0 = Debug|Any CPU
		{D77B909A-FE2F-49B7-B256-E4014C9C4F34}.Debug|x86.Deploy.0 = Debug|Any CPU
		{D77B909A-FE2F-49B7-B256-E4014C9C4F34}.Release|Any CPU.ActiveCfg = Release|Any CPU
		{D77B909A-FE2F-49B7-B256-E4014C9C4F34}.Release|Any CPU.Build.0 = Release|Any CPU
		{D77B909A-FE2F-49B7-B256-E4014C9C4F34}.Release|Any CPU.Deploy.0 = Release|Any CPU
		{D77B909A-FE2F-49B7-B256-E4014C9C4F34}.Release|ARM.ActiveCfg = Release|Any CPU
		{D77B909A-FE2F-49B7-B256-E4014C9C4F34}.Release|ARM.Build.0 = Release|Any CPU
		{D77B909A-FE2F-49B7-B256-E4014C9C4F34}.Release|ARM.Deploy.0 = Release|Any CPU
		{D77B909A-FE2F-49B7-B256-E4014C9C4F34}.Release|iPhone.ActiveCfg = Release|Any CPU
		{D77B909A-FE2F-49B7-B256-E4014C9C4F34}.Release|iPhone.Build.0 = Release|Any CPU
		{D77B909A-FE2F-49B7-B256-E4014C9C4F34}.Release|iPhone.Deploy.0 = Release|Any CPU
		{D77B909A-FE2F-49B7-B256-E4014C9C4F34}.Release|iPhoneSimulator.ActiveCfg = Release|Any CPU
		{D77B909A-FE2F-49B7-B256-E4014C9C4F34}.Release|iPhoneSimulator.Build.0 = Release|Any CPU
		{D77B909A-FE2F-49B7-B256-E4014C9C4F34}.Release|iPhoneSimulator.Deploy.0 = Release|Any CPU
		{D77B909A-FE2F-49B7-B256-E4014C9C4F34}.Release|x64.ActiveCfg = Release|Any CPU
		{D77B909A-FE2F-49B7-B256-E4014C9C4F34}.Release|x64.Build.0 = Release|Any CPU
		{D77B909A-FE2F-49B7-B256-E4014C9C4F34}.Release|x64.Deploy.0 = Release|Any CPU
		{D77B909A-FE2F-49B7-B256-E4014C9C4F34}.Release|x86.ActiveCfg = Release|Any CPU
		{D77B909A-FE2F-49B7-B256-E4014C9C4F34}.Release|x86.Build.0 = Release|Any CPU
		{D77B909A-FE2F-49B7-B256-E4014C9C4F34}.Release|x86.Deploy.0 = Release|Any CPU
		{F6AB606A-197B-431B-8C24-A80623D67FA1}.Ad-Hoc|Any CPU.ActiveCfg = Release|Any CPU
		{F6AB606A-197B-431B-8C24-A80623D67FA1}.Ad-Hoc|Any CPU.Build.0 = Release|Any CPU
		{F6AB606A-197B-431B-8C24-A80623D67FA1}.Ad-Hoc|ARM.ActiveCfg = Release|Any CPU
		{F6AB606A-197B-431B-8C24-A80623D67FA1}.Ad-Hoc|ARM.Build.0 = Release|Any CPU
		{F6AB606A-197B-431B-8C24-A80623D67FA1}.Ad-Hoc|iPhone.ActiveCfg = Release|Any CPU
		{F6AB606A-197B-431B-8C24-A80623D67FA1}.Ad-Hoc|iPhone.Build.0 = Release|Any CPU
		{F6AB606A-197B-431B-8C24-A80623D67FA1}.Ad-Hoc|iPhoneSimulator.ActiveCfg = Release|Any CPU
		{F6AB606A-197B-431B-8C24-A80623D67FA1}.Ad-Hoc|iPhoneSimulator.Build.0 = Release|Any CPU
		{F6AB606A-197B-431B-8C24-A80623D67FA1}.Ad-Hoc|x64.ActiveCfg = Release|Any CPU
		{F6AB606A-197B-431B-8C24-A80623D67FA1}.Ad-Hoc|x64.Build.0 = Release|Any CPU
		{F6AB606A-197B-431B-8C24-A80623D67FA1}.Ad-Hoc|x86.ActiveCfg = Release|Any CPU
		{F6AB606A-197B-431B-8C24-A80623D67FA1}.Ad-Hoc|x86.Build.0 = Release|Any CPU
		{F6AB606A-197B-431B-8C24-A80623D67FA1}.AppStore|Any CPU.ActiveCfg = Release|Any CPU
		{F6AB606A-197B-431B-8C24-A80623D67FA1}.AppStore|Any CPU.Build.0 = Release|Any CPU
		{F6AB606A-197B-431B-8C24-A80623D67FA1}.AppStore|ARM.ActiveCfg = Release|Any CPU
		{F6AB606A-197B-431B-8C24-A80623D67FA1}.AppStore|ARM.Build.0 = Release|Any CPU
		{F6AB606A-197B-431B-8C24-A80623D67FA1}.AppStore|iPhone.ActiveCfg = Release|Any CPU
		{F6AB606A-197B-431B-8C24-A80623D67FA1}.AppStore|iPhone.Build.0 = Release|Any CPU
		{F6AB606A-197B-431B-8C24-A80623D67FA1}.AppStore|iPhoneSimulator.ActiveCfg = Release|Any CPU
		{F6AB606A-197B-431B-8C24-A80623D67FA1}.AppStore|iPhoneSimulator.Build.0 = Release|Any CPU
		{F6AB606A-197B-431B-8C24-A80623D67FA1}.AppStore|x64.ActiveCfg = Release|Any CPU
		{F6AB606A-197B-431B-8C24-A80623D67FA1}.AppStore|x64.Build.0 = Release|Any CPU
		{F6AB606A-197B-431B-8C24-A80623D67FA1}.AppStore|x86.ActiveCfg = Release|Any CPU
		{F6AB606A-197B-431B-8C24-A80623D67FA1}.AppStore|x86.Build.0 = Release|Any CPU
		{F6AB606A-197B-431B-8C24-A80623D67FA1}.Debug|Any CPU.ActiveCfg = Debug|Any CPU
		{F6AB606A-197B-431B-8C24-A80623D67FA1}.Debug|Any CPU.Build.0 = Debug|Any CPU
		{F6AB606A-197B-431B-8C24-A80623D67FA1}.Debug|ARM.ActiveCfg = Debug|Any CPU
		{F6AB606A-197B-431B-8C24-A80623D67FA1}.Debug|ARM.Build.0 = Debug|Any CPU
		{F6AB606A-197B-431B-8C24-A80623D67FA1}.Debug|iPhone.ActiveCfg = Debug|Any CPU
		{F6AB606A-197B-431B-8C24-A80623D67FA1}.Debug|iPhone.Build.0 = Debug|Any CPU
		{F6AB606A-197B-431B-8C24-A80623D67FA1}.Debug|iPhoneSimulator.ActiveCfg = Debug|Any CPU
		{F6AB606A-197B-431B-8C24-A80623D67FA1}.Debug|iPhoneSimulator.Build.0 = Debug|Any CPU
		{F6AB606A-197B-431B-8C24-A80623D67FA1}.Debug|x64.ActiveCfg = Debug|Any CPU
		{F6AB606A-197B-431B-8C24-A80623D67FA1}.Debug|x64.Build.0 = Debug|Any CPU
		{F6AB606A-197B-431B-8C24-A80623D67FA1}.Debug|x86.ActiveCfg = Debug|Any CPU
		{F6AB606A-197B-431B-8C24-A80623D67FA1}.Debug|x86.Build.0 = Debug|Any CPU
		{F6AB606A-197B-431B-8C24-A80623D67FA1}.Release|Any CPU.ActiveCfg = Release|Any CPU
		{F6AB606A-197B-431B-8C24-A80623D67FA1}.Release|Any CPU.Build.0 = Release|Any CPU
		{F6AB606A-197B-431B-8C24-A80623D67FA1}.Release|ARM.ActiveCfg = Release|Any CPU
		{F6AB606A-197B-431B-8C24-A80623D67FA1}.Release|ARM.Build.0 = Release|Any CPU
		{F6AB606A-197B-431B-8C24-A80623D67FA1}.Release|iPhone.ActiveCfg = Release|Any CPU
		{F6AB606A-197B-431B-8C24-A80623D67FA1}.Release|iPhone.Build.0 = Release|Any CPU
		{F6AB606A-197B-431B-8C24-A80623D67FA1}.Release|iPhoneSimulator.ActiveCfg = Release|Any CPU
		{F6AB606A-197B-431B-8C24-A80623D67FA1}.Release|iPhoneSimulator.Build.0 = Release|Any CPU
		{F6AB606A-197B-431B-8C24-A80623D67FA1}.Release|x64.ActiveCfg = Release|Any CPU
		{F6AB606A-197B-431B-8C24-A80623D67FA1}.Release|x64.Build.0 = Release|Any CPU
		{F6AB606A-197B-431B-8C24-A80623D67FA1}.Release|x86.ActiveCfg = Release|Any CPU
		{F6AB606A-197B-431B-8C24-A80623D67FA1}.Release|x86.Build.0 = Release|Any CPU
		{F231E851-1395-43A5-BB9C-D22DDE5738DB}.Ad-Hoc|Any CPU.ActiveCfg = Release|x86
		{F231E851-1395-43A5-BB9C-D22DDE5738DB}.Ad-Hoc|Any CPU.Build.0 = Release|x86
		{F231E851-1395-43A5-BB9C-D22DDE5738DB}.Ad-Hoc|Any CPU.Deploy.0 = Release|x86
		{F231E851-1395-43A5-BB9C-D22DDE5738DB}.Ad-Hoc|ARM.ActiveCfg = Release|ARM
		{F231E851-1395-43A5-BB9C-D22DDE5738DB}.Ad-Hoc|ARM.Build.0 = Release|ARM
		{F231E851-1395-43A5-BB9C-D22DDE5738DB}.Ad-Hoc|ARM.Deploy.0 = Release|ARM
		{F231E851-1395-43A5-BB9C-D22DDE5738DB}.Ad-Hoc|iPhone.ActiveCfg = Release|x86
		{F231E851-1395-43A5-BB9C-D22DDE5738DB}.Ad-Hoc|iPhone.Build.0 = Release|x86
		{F231E851-1395-43A5-BB9C-D22DDE5738DB}.Ad-Hoc|iPhone.Deploy.0 = Release|x86
		{F231E851-1395-43A5-BB9C-D22DDE5738DB}.Ad-Hoc|iPhoneSimulator.ActiveCfg = Release|x86
		{F231E851-1395-43A5-BB9C-D22DDE5738DB}.Ad-Hoc|iPhoneSimulator.Build.0 = Release|x86
		{F231E851-1395-43A5-BB9C-D22DDE5738DB}.Ad-Hoc|iPhoneSimulator.Deploy.0 = Release|x86
		{F231E851-1395-43A5-BB9C-D22DDE5738DB}.Ad-Hoc|x64.ActiveCfg = Release|x64
		{F231E851-1395-43A5-BB9C-D22DDE5738DB}.Ad-Hoc|x64.Build.0 = Release|x64
		{F231E851-1395-43A5-BB9C-D22DDE5738DB}.Ad-Hoc|x64.Deploy.0 = Release|x64
		{F231E851-1395-43A5-BB9C-D22DDE5738DB}.Ad-Hoc|x86.ActiveCfg = Release|x86
		{F231E851-1395-43A5-BB9C-D22DDE5738DB}.Ad-Hoc|x86.Build.0 = Release|x86
		{F231E851-1395-43A5-BB9C-D22DDE5738DB}.Ad-Hoc|x86.Deploy.0 = Release|x86
		{F231E851-1395-43A5-BB9C-D22DDE5738DB}.AppStore|Any CPU.ActiveCfg = Release|x86
		{F231E851-1395-43A5-BB9C-D22DDE5738DB}.AppStore|Any CPU.Build.0 = Release|x86
		{F231E851-1395-43A5-BB9C-D22DDE5738DB}.AppStore|Any CPU.Deploy.0 = Release|x86
		{F231E851-1395-43A5-BB9C-D22DDE5738DB}.AppStore|ARM.ActiveCfg = Release|ARM
		{F231E851-1395-43A5-BB9C-D22DDE5738DB}.AppStore|ARM.Build.0 = Release|ARM
		{F231E851-1395-43A5-BB9C-D22DDE5738DB}.AppStore|ARM.Deploy.0 = Release|ARM
		{F231E851-1395-43A5-BB9C-D22DDE5738DB}.AppStore|iPhone.ActiveCfg = Release|x86
		{F231E851-1395-43A5-BB9C-D22DDE5738DB}.AppStore|iPhone.Build.0 = Release|x86
		{F231E851-1395-43A5-BB9C-D22DDE5738DB}.AppStore|iPhone.Deploy.0 = Release|x86
		{F231E851-1395-43A5-BB9C-D22DDE5738DB}.AppStore|iPhoneSimulator.ActiveCfg = Release|x86
		{F231E851-1395-43A5-BB9C-D22DDE5738DB}.AppStore|iPhoneSimulator.Build.0 = Release|x86
		{F231E851-1395-43A5-BB9C-D22DDE5738DB}.AppStore|iPhoneSimulator.Deploy.0 = Release|x86
		{F231E851-1395-43A5-BB9C-D22DDE5738DB}.AppStore|x64.ActiveCfg = Release|x64
		{F231E851-1395-43A5-BB9C-D22DDE5738DB}.AppStore|x64.Build.0 = Release|x64
		{F231E851-1395-43A5-BB9C-D22DDE5738DB}.AppStore|x64.Deploy.0 = Release|x64
		{F231E851-1395-43A5-BB9C-D22DDE5738DB}.AppStore|x86.ActiveCfg = Release|x86
		{F231E851-1395-43A5-BB9C-D22DDE5738DB}.AppStore|x86.Build.0 = Release|x86
		{F231E851-1395-43A5-BB9C-D22DDE5738DB}.AppStore|x86.Deploy.0 = Release|x86
		{F231E851-1395-43A5-BB9C-D22DDE5738DB}.Debug|Any CPU.ActiveCfg = Debug|x86
		{F231E851-1395-43A5-BB9C-D22DDE5738DB}.Debug|ARM.ActiveCfg = Debug|ARM
		{F231E851-1395-43A5-BB9C-D22DDE5738DB}.Debug|ARM.Build.0 = Debug|ARM
		{F231E851-1395-43A5-BB9C-D22DDE5738DB}.Debug|ARM.Deploy.0 = Debug|ARM
		{F231E851-1395-43A5-BB9C-D22DDE5738DB}.Debug|iPhone.ActiveCfg = Debug|x86
		{F231E851-1395-43A5-BB9C-D22DDE5738DB}.Debug|iPhoneSimulator.ActiveCfg = Debug|x86
		{F231E851-1395-43A5-BB9C-D22DDE5738DB}.Debug|x64.ActiveCfg = Debug|x64
		{F231E851-1395-43A5-BB9C-D22DDE5738DB}.Debug|x64.Build.0 = Debug|x64
		{F231E851-1395-43A5-BB9C-D22DDE5738DB}.Debug|x64.Deploy.0 = Debug|x64
		{F231E851-1395-43A5-BB9C-D22DDE5738DB}.Debug|x86.ActiveCfg = Debug|x86
		{F231E851-1395-43A5-BB9C-D22DDE5738DB}.Debug|x86.Build.0 = Debug|x86
		{F231E851-1395-43A5-BB9C-D22DDE5738DB}.Debug|x86.Deploy.0 = Debug|x86
		{F231E851-1395-43A5-BB9C-D22DDE5738DB}.Release|Any CPU.ActiveCfg = Release|x86
		{F231E851-1395-43A5-BB9C-D22DDE5738DB}.Release|ARM.ActiveCfg = Release|ARM
		{F231E851-1395-43A5-BB9C-D22DDE5738DB}.Release|ARM.Build.0 = Release|ARM
		{F231E851-1395-43A5-BB9C-D22DDE5738DB}.Release|ARM.Deploy.0 = Release|ARM
		{F231E851-1395-43A5-BB9C-D22DDE5738DB}.Release|iPhone.ActiveCfg = Release|x86
		{F231E851-1395-43A5-BB9C-D22DDE5738DB}.Release|iPhoneSimulator.ActiveCfg = Release|x86
		{F231E851-1395-43A5-BB9C-D22DDE5738DB}.Release|x64.ActiveCfg = Release|x64
		{F231E851-1395-43A5-BB9C-D22DDE5738DB}.Release|x64.Build.0 = Release|x64
		{F231E851-1395-43A5-BB9C-D22DDE5738DB}.Release|x64.Deploy.0 = Release|x64
		{F231E851-1395-43A5-BB9C-D22DDE5738DB}.Release|x86.ActiveCfg = Release|x86
		{F231E851-1395-43A5-BB9C-D22DDE5738DB}.Release|x86.Build.0 = Release|x86
		{F231E851-1395-43A5-BB9C-D22DDE5738DB}.Release|x86.Deploy.0 = Release|x86
		{08C0606E-6DEB-456B-B47A-4C6F6DE60423}.Ad-Hoc|Any CPU.ActiveCfg = Ad-Hoc|iPhoneSimulator
		{08C0606E-6DEB-456B-B47A-4C6F6DE60423}.Ad-Hoc|ARM.ActiveCfg = Ad-Hoc|iPhone
		{08C0606E-6DEB-456B-B47A-4C6F6DE60423}.Ad-Hoc|iPhone.ActiveCfg = Ad-Hoc|iPhone
		{08C0606E-6DEB-456B-B47A-4C6F6DE60423}.Ad-Hoc|iPhone.Build.0 = Ad-Hoc|iPhone
		{08C0606E-6DEB-456B-B47A-4C6F6DE60423}.Ad-Hoc|iPhoneSimulator.ActiveCfg = Ad-Hoc|iPhoneSimulator
		{08C0606E-6DEB-456B-B47A-4C6F6DE60423}.Ad-Hoc|iPhoneSimulator.Build.0 = Ad-Hoc|iPhoneSimulator
		{08C0606E-6DEB-456B-B47A-4C6F6DE60423}.Ad-Hoc|x64.ActiveCfg = Ad-Hoc|iPhone
		{08C0606E-6DEB-456B-B47A-4C6F6DE60423}.Ad-Hoc|x86.ActiveCfg = Ad-Hoc|iPhone
		{08C0606E-6DEB-456B-B47A-4C6F6DE60423}.AppStore|Any CPU.ActiveCfg = AppStore|iPhoneSimulator
		{08C0606E-6DEB-456B-B47A-4C6F6DE60423}.AppStore|ARM.ActiveCfg = AppStore|iPhone
		{08C0606E-6DEB-456B-B47A-4C6F6DE60423}.AppStore|iPhone.ActiveCfg = AppStore|iPhone
		{08C0606E-6DEB-456B-B47A-4C6F6DE60423}.AppStore|iPhone.Build.0 = AppStore|iPhone
		{08C0606E-6DEB-456B-B47A-4C6F6DE60423}.AppStore|iPhoneSimulator.ActiveCfg = AppStore|iPhoneSimulator
		{08C0606E-6DEB-456B-B47A-4C6F6DE60423}.AppStore|iPhoneSimulator.Build.0 = AppStore|iPhoneSimulator
		{08C0606E-6DEB-456B-B47A-4C6F6DE60423}.AppStore|x64.ActiveCfg = AppStore|iPhone
		{08C0606E-6DEB-456B-B47A-4C6F6DE60423}.AppStore|x86.ActiveCfg = AppStore|iPhone
		{08C0606E-6DEB-456B-B47A-4C6F6DE60423}.Debug|Any CPU.ActiveCfg = Debug|iPhoneSimulator
		{08C0606E-6DEB-456B-B47A-4C6F6DE60423}.Debug|ARM.ActiveCfg = Debug|iPhone
		{08C0606E-6DEB-456B-B47A-4C6F6DE60423}.Debug|iPhone.ActiveCfg = Debug|iPhone
		{08C0606E-6DEB-456B-B47A-4C6F6DE60423}.Debug|iPhone.Build.0 = Debug|iPhone
		{08C0606E-6DEB-456B-B47A-4C6F6DE60423}.Debug|iPhoneSimulator.ActiveCfg = Debug|iPhoneSimulator
		{08C0606E-6DEB-456B-B47A-4C6F6DE60423}.Debug|iPhoneSimulator.Build.0 = Debug|iPhoneSimulator
		{08C0606E-6DEB-456B-B47A-4C6F6DE60423}.Debug|x64.ActiveCfg = Debug|iPhone
		{08C0606E-6DEB-456B-B47A-4C6F6DE60423}.Debug|x86.ActiveCfg = Debug|iPhone
		{08C0606E-6DEB-456B-B47A-4C6F6DE60423}.Release|Any CPU.ActiveCfg = Release|iPhoneSimulator
		{08C0606E-6DEB-456B-B47A-4C6F6DE60423}.Release|ARM.ActiveCfg = Release|iPhone
		{08C0606E-6DEB-456B-B47A-4C6F6DE60423}.Release|iPhone.ActiveCfg = Release|iPhone
		{08C0606E-6DEB-456B-B47A-4C6F6DE60423}.Release|iPhone.Build.0 = Release|iPhone
		{08C0606E-6DEB-456B-B47A-4C6F6DE60423}.Release|iPhoneSimulator.ActiveCfg = Release|iPhoneSimulator
		{08C0606E-6DEB-456B-B47A-4C6F6DE60423}.Release|iPhoneSimulator.Build.0 = Release|iPhoneSimulator
		{08C0606E-6DEB-456B-B47A-4C6F6DE60423}.Release|x64.ActiveCfg = Release|iPhone
		{08C0606E-6DEB-456B-B47A-4C6F6DE60423}.Release|x86.ActiveCfg = Release|iPhone
	EndGlobalSection
	GlobalSection(SolutionProperties) = preSolution
		HideSolutionNode = FALSE
	EndGlobalSection
	GlobalSection(ExtensibilityGlobals) = postSolution
		SolutionGuid = {0C524A69-F41F-4575-8976-C0D83D868E84}
	EndGlobalSection
EndGlobal
